
Microsoft Visual Studio Solution File, Format Version 12.00
# Visual Studio 15
VisualStudioVersion = 15.0.28307.421
MinimumVisualStudioVersion = 10.0.40219.1
Project("{FAE04EC0-301F-11D3-BF4B-00C04F79EFBC}") = "Screenshot", "Screenshot\Screenshot.csproj", "{1845942A-4687-4FB3-B0B6-6887D1999347}"
EndProject
Global
	GlobalSection(SolutionConfigurationPlatforms) = preSolution
		Debug|Any CPU = Debug|Any CPU
		Release|Any CPU = Release|Any CPU
	EndGlobalSection
	GlobalSection(ProjectConfigurationPlatforms) = postSolution
		{1845942A-4687-4FB3-B0B6-6887D1999347}.Debug|Any CPU.ActiveCfg = Debug|Any CPU
		{1845942A-4687-4FB3-B0B6-6887D1999347}.Debug|Any CPU.Build.0 = Debug|Any CPU
		{1845942A-4687-4FB3-B0B6-6887D1999347}.Release|Any CPU.ActiveCfg = Release|Any CPU
		{1845942A-4687-4FB3-B0B6-6887D1999347}.Release|Any CPU.Build.0 = Release|Any CPU
	EndGlobalSection
	GlobalSection(SolutionProperties) = preSolution
		HideSolutionNode = FALSE
	EndGlobalSection
	GlobalSection(ExtensibilityGlobals) = postSolution
		SolutionGuid = {30CCEB3E-85C4-4584-86BB-FE38748B9624}
	EndGlobalSection
EndGlobal
